
Microsoft Visual Studio Solution File, Format Version 12.00
# Visual Studio Version 17
VisualStudioVersion = 17.3.32922.545
MinimumVisualStudioVersion = 10.0.40219.1
Project("{9A19103F-16F7-4668-BE54-9A1E7A4F7556}") = "GarageSaas", "GarageSaas\GarageSaas.csproj", "{95B962E0-C537-4F29-89FE-033EC2BACFBF}"
EndProject
Project("{9A19103F-16F7-4668-BE54-9A1E7A4F7556}") = "SignupAPI", "SignupAPI\SignupAPI.csproj", "{9A6B4363-6994-4344-BA60-FAC67E896596}"
EndProject
Project("{FAE04EC0-301F-11D3-BF4B-00C04F79EFBC}") = "GarageSaas.UnitTests", "GarageSaas.UnitTests\GarageSaas.UnitTests.csproj", "{5546C9D8-E440-464C-9D2B-7264149B6BAD}"
EndProject
Global
	GlobalSection(SolutionConfigurationPlatforms) = preSolution
		Debug|Any CPU = Debug|Any CPU
		Release|Any CPU = Release|Any CPU
	EndGlobalSection
	GlobalSection(ProjectConfigurationPlatforms) = postSolution
		{95B962E0-C537-4F29-89FE-033EC2BACFBF}.Debug|Any CPU.ActiveCfg = Debug|Any CPU
		{95B962E0-C537-4F29-89FE-033EC2BACFBF}.Debug|Any CPU.Build.0 = Debug|Any CPU
		{95B962E0-C537-4F29-89FE-033EC2BACFBF}.Release|Any CPU.ActiveCfg = Release|Any CPU
		{95B962E0-C537-4F29-89FE-033EC2BACFBF}.Release|Any CPU.Build.0 = Release|Any CPU
		{9A6B4363-6994-4344-BA60-FAC67E896596}.Debug|Any CPU.ActiveCfg = Debug|Any CPU
		{9A6B4363-6994-4344-BA60-FAC67E896596}.Debug|Any CPU.Build.0 = Debug|Any CPU
		{9A6B4363-6994-4344-BA60-FAC67E896596}.Release|Any CPU.ActiveCfg = Release|Any CPU
		{9A6B4363-6994-4344-BA60-FAC67E896596}.Release|Any CPU.Build.0 = Release|Any CPU
		{5546C9D8-E440-464C-9D2B-7264149B6BAD}.Debug|Any CPU.ActiveCfg = Debug|Any CPU
		{5546C9D8-E440-464C-9D2B-7264149B6BAD}.Debug|Any CPU.Build.0 = Debug|Any CPU
		{5546C9D8-E440-464C-9D2B-7264149B6BAD}.Release|Any CPU.ActiveCfg = Release|Any CPU
		{5546C9D8-E440-464C-9D2B-7264149B6BAD}.Release|Any CPU.Build.0 = Release|Any CPU
	EndGlobalSection
	GlobalSection(SolutionProperties) = preSolution
		HideSolutionNode = FALSE
	EndGlobalSection
	GlobalSection(ExtensibilityGlobals) = postSolution
		SolutionGuid = {73BDFCC5-2D58-4568-9DCC-D26DD8652A16}
	EndGlobalSection
EndGlobal
